
Microsoft Visual Studio Solution File, Format Version 12.00
# Visual Studio Version 17
VisualStudioVersion = 17.4.33213.308
MinimumVisualStudioVersion = 10.0.40219.1
Project("{FAE04EC0-301F-11D3-BF4B-00C04F79EFBC}") = "BookStoreApp", "BookStoreApp\BookStoreApp.csproj", "{D025772B-9CFD-4187-B2C3-1FCD990ABE42}"
EndProject
Global
	GlobalSection(SolutionConfigurationPlatforms) = preSolution
		Debug|Any CPU = Debug|Any CPU
		Release|Any CPU = Release|Any CPU
	EndGlobalSection
	GlobalSection(ProjectConfigurationPlatforms) = postSolution
		{D025772B-9CFD-4187-B2C3-1FCD990ABE42}.Debug|Any CPU.ActiveCfg = Debug|Any CPU
		{D025772B-9CFD-4187-B2C3-1FCD990ABE42}.Debug|Any CPU.Build.0 = Debug|Any CPU
		{D025772B-9CFD-4187-B2C3-1FCD990ABE42}.Release|Any CPU.ActiveCfg = Release|Any CPU
		{D025772B-9CFD-4187-B2C3-1FCD990ABE42}.Release|Any CPU.Build.0 = Release|Any CPU
	EndGlobalSection
	GlobalSection(SolutionProperties) = preSolution
		HideSolutionNode = FALSE
	EndGlobalSection
	GlobalSection(ExtensibilityGlobals) = postSolution
		SolutionGuid = {E0D56274-E865-4070-BB83-3E27FAB9B3D9}
	EndGlobalSection
EndGlobal
